
Microsoft Visual Studio Solution File, Format Version 12.00
# Visual Studio Version 16
VisualStudioVersion = 16.0.29728.190
MinimumVisualStudioVersion = 10.0.40219.1
Project("{FAE04EC0-301F-11D3-BF4B-00C04F79EFBC}") = "SalesWebMvc", "SalesWebMvc\SalesWebMvc.csproj", "{990071D9-3C20-4D59-8BA4-487C4B31893B}"
EndProject
Global
	GlobalSection(SolutionConfigurationPlatforms) = preSolution
		Debug|Any CPU = Debug|Any CPU
		Release|Any CPU = Release|Any CPU
	EndGlobalSection
	GlobalSection(ProjectConfigurationPlatforms) = postSolution
		{990071D9-3C20-4D59-8BA4-487C4B31893B}.Debug|Any CPU.ActiveCfg = Debug|Any CPU
		{990071D9-3C20-4D59-8BA4-487C4B31893B}.Debug|Any CPU.Build.0 = Debug|Any CPU
		{990071D9-3C20-4D59-8BA4-487C4B31893B}.Release|Any CPU.ActiveCfg = Release|Any CPU
		{990071D9-3C20-4D59-8BA4-487C4B31893B}.Release|Any CPU.Build.0 = Release|Any CPU
	EndGlobalSection
	GlobalSection(SolutionProperties) = preSolution
		HideSolutionNode = FALSE
	EndGlobalSection
	GlobalSection(ExtensibilityGlobals) = postSolution
		SolutionGuid = {B67AD8AD-1331-4FCB-B8E8-74D7622C0F0B}
	EndGlobalSection
EndGlobal
